// !$*UTF8*$!
{
	archiveVersion = 1;
	classes = {
	};
	objectVersion = 46;
	objects = {
/* Begin PBXBuildFile section */
		0207DA581B56EA530066E2B4 /* Images.xcassets in Resources */ = {isa = PBXBuildFile; fileRef = 0207DA571B56EA530066E2B4 /* Images.xcassets */; };
		02F8E1C88DAB413690D44253 /* CDVStatusBar.m in Sources */ = {isa = PBXBuildFile; fileRef = 1E6B1F7E48C945BCB1F83426 /* CDVStatusBar.m */; };
		04892AEE26144F5DBC6EA5DD /* CDVCamera.m in Sources */ = {isa = PBXBuildFile; fileRef = 6B4193ED3DCF4E2AA1D90415 /* CDVCamera.m */; };
		05B5E8E7D50040B9AD60FCEF /* CDVWKProcessPoolFactory.m in Sources */ = {isa = PBXBuildFile; fileRef = EE6A6A4E423B4FD6AEB7A3A1 /* CDVWKProcessPoolFactory.m */; };
		06D6223F6FE64175A31399FB /* GCDWebServerURLEncodedFormRequest.m in Sources */ = {isa = PBXBuildFile; fileRef = D8ABAE377BDF40978349F733 /* GCDWebServerURLEncodedFormRequest.m */; };
		0B9A7E37F82E486B9790B9A3 /* Bolts.framework in Frameworks */ = {isa = PBXBuildFile; fileRef = 6C5EFA237699459E891C80CC /* Bolts.framework */; };
		0F88B626BF384847A542CB65 /* ImageIO.framework in Frameworks */ = {isa = PBXBuildFile; fileRef = B3452FF056E942029A54F248 /* ImageIO.framework */; settings = {ATTRIBUTES = (Weak, ); }; };
		12CB7FC568B24839B22BD5AE /* GCDWebServerConnection.m in Sources */ = {isa = PBXBuildFile; fileRef = BAAABEE336A042E5BB1DD842 /* GCDWebServerConnection.m */; };
		19F3F2D505C844F190BDF510 /* FirebaseMessaging.framework in Frameworks */ = {isa = PBXBuildFile; fileRef = 0AF1C9EA4D9047219D08ABF9 /* FirebaseMessaging.framework */; };
		1AC2C7FAAD634009B849B90F /* GoogleSymbolUtilities.framework in Frameworks */ = {isa = PBXBuildFile; fileRef = CA0F6656B9BF414BA5951551 /* GoogleSymbolUtilities.framework */; };
		1ADB91E7355B462998C7CD1B /* MapKit.framework in Frameworks */ = {isa = PBXBuildFile; fileRef = 3FF1DE442EFB4A298E2E7800 /* MapKit.framework */; };
		1D3623260D0F684500981E51 /* AppDelegate.m in Sources */ = {isa = PBXBuildFile; fileRef = 1D3623250D0F684500981E51 /* AppDelegate.m */; };
		1D60589B0D05DD56006BFB54 /* main.m in Sources */ = {isa = PBXBuildFile; fileRef = 29B97316FDCFA39411CA2CEA /* main.m */; };
		1E70704C109A499D89891BD8 /* GCDWebServerFunctions.m in Sources */ = {isa = PBXBuildFile; fileRef = CDC2D70A2A2A4CFAA7846BD2 /* GCDWebServerFunctions.m */; };
		24F3029C86F54F3D871918AB /* GCDWebServerStreamedResponse.m in Sources */ = {isa = PBXBuildFile; fileRef = C33BAA4EA83846EAAB835124 /* GCDWebServerStreamedResponse.m */; };
		27BA8D65180944DC8F93213F /* CDVNotification.bundle in Resources */ = {isa = PBXBuildFile; fileRef = C8790EB7268A4C9894AFBBA5 /* CDVNotification.bundle */; };
		293BBC0456F74C61A305B2FE /* GoogleUtilities.framework in Frameworks */ = {isa = PBXBuildFile; fileRef = 41847F05C5AF47A3B633E106 /* GoogleUtilities.framework */; };
		2A7B4437A56E4771816B51EF /* NSString+SSURLEncoding.m in Sources */ = {isa = PBXBuildFile; fileRef = E5B597270292407A85796CC8 /* NSString+SSURLEncoding.m */; };
		2C5C46446E9D48E1B281DD86 /* Social.framework in Frameworks */ = {isa = PBXBuildFile; fileRef = ACFCAFC6D14A48FDA3BCF6E6 /* Social.framework */; settings = {ATTRIBUTES = (Weak, ); }; };
		301BF552109A68D80062928A /* libCordova.a in Frameworks */ = {isa = PBXBuildFile; fileRef = 301BF535109A57CC0062928A /* libCordova.a */; };
		302D95F114D2391D003F00A1 /* MainViewController.m in Sources */ = {isa = PBXBuildFile; fileRef = 302D95EF14D2391D003F00A1 /* MainViewController.m */; };
		302D95F214D2391D003F00A1 /* MainViewController.xib in Resources */ = {isa = PBXBuildFile; fileRef = 302D95F014D2391D003F00A1 /* MainViewController.xib */; };
		3030501CBCB74602A6C115E4 /* CDVIonicKeyboard.m in Sources */ = {isa = PBXBuildFile; fileRef = 977006382B26490DA32463B0 /* CDVIonicKeyboard.m */; };
		316ED229507145D696FA75F6 /* MessageUI.framework in Frameworks */ = {isa = PBXBuildFile; fileRef = CA525FDB590E4A64BDB2C74D /* MessageUI.framework */; settings = {ATTRIBUTES = (Weak, ); }; };
		38F359A7278942A39371A7C0 /* ActionSheet.m in Sources */ = {isa = PBXBuildFile; fileRef = 3DC9C624FCE341FE91E9CDB8 /* ActionSheet.m */; };
		3BB1801F062C4FB996CF889C /* GCDWebServerMultiPartFormRequest.m in Sources */ = {isa = PBXBuildFile; fileRef = CE8B463938E0483E8E46A382 /* GCDWebServerMultiPartFormRequest.m */; };
		3E31769A2F4144E89EE528E4 /* AudioToolbox.framework in Frameworks */ = {isa = PBXBuildFile; fileRef = 8E7BD22A62644E38B6F814DF /* AudioToolbox.framework */; settings = {ATTRIBUTES = (Weak, ); }; };
		3EE4DCB23E9B448B99A67566 /* LaunchNavigator.m in Sources */ = {isa = PBXBuildFile; fileRef = FD1567510CAA4C93A4AC0470 /* LaunchNavigator.m */; };
		3F3D6E0D4B86473DB1B1C311 /* CDVNotification.m in Sources */ = {isa = PBXBuildFile; fileRef = C3928A1EB265480E830B0026 /* CDVNotification.m */; };
		44BE7ED542AB414487997C9C /* SocialSharing.m in Sources */ = {isa = PBXBuildFile; fileRef = 71EF8C6BAF2044DBA5A82E4F /* SocialSharing.m */; };
		48DF49E15BF54633B836E0BF /* GoogleInterchangeUtilities.framework in Frameworks */ = {isa = PBXBuildFile; fileRef = A58525AD46364F38B41EB322 /* GoogleInterchangeUtilities.framework */; };
		4E673B12B06F463E9ED01B54 /* FirebaseAnalytics.framework in Frameworks */ = {isa = PBXBuildFile; fileRef = 3D1FB315798D4FFFBDBD58A5 /* FirebaseAnalytics.framework */; };
		50A41C6849A8484B89ED3062 /* WebKit.framework in Frameworks */ = {isa = PBXBuildFile; fileRef = 29B852B10F9A4C6CB0A492BA /* WebKit.framework */; settings = {ATTRIBUTES = (Weak, ); }; };
		5FCB88FDF01A4765BE98E173 /* FBSDKLoginKit.framework in Frameworks */ = {isa = PBXBuildFile; fileRef = D6153B5337D7403A845F1A10 /* FBSDKLoginKit.framework */; };
		60AC2591ED7D41D08A5B5FC5 /* libsqlite3.0.tbd in Frameworks */ = {isa = PBXBuildFile; fileRef = F24933F6446143DC8277DD77 /* libsqlite3.0.tbd */; };
		67DD64F17FBB475DAA599382 /* LN_Reachability.m in Sources */ = {isa = PBXBuildFile; fileRef = DCA94FC0B17A4D32A25B55C9 /* LN_Reachability.m */; };
		6AFF5BF91D6E424B00AB3073 /* CDVLaunchScreen.storyboard in Resources */ = {isa = PBXBuildFile; fileRef = 6AFF5BF81D6E424B00AB3073 /* CDVLaunchScreen.storyboard */; };
		7518C80A5DD3409D8C217338 /* GCDWebServerResponse.m in Sources */ = {isa = PBXBuildFile; fileRef = 1F0209DB0DDD4AF18B3302F8 /* GCDWebServerResponse.m */; };
		75DA4A1CCFD644CBB4583DD7 /* SystemConfiguration.framework in Frameworks */ = {isa = PBXBuildFile; fileRef = BCC89E5CD8EB4A94B882DED1 /* SystemConfiguration.framework */; };
		77AACEE98F7C4116ADBC698A /* CDVViewController+SplashScreen.m in Sources */ = {isa = PBXBuildFile; fileRef = 3BDD23BB820A420BAC019D52 /* CDVViewController+SplashScreen.m */; };
		80EB51939A7145A9A09765DC /* FirebaseInstanceID.framework in Frameworks */ = {isa = PBXBuildFile; fileRef = 06CD61332B8443B2BE20FF5A /* FirebaseInstanceID.framework */; };
		85D00BDB41E545BDAA8DC523 /* GCDWebServerDataResponse.m in Sources */ = {isa = PBXBuildFile; fileRef = 2B594395BD714DEDBAC321D1 /* GCDWebServerDataResponse.m */; };
		87D5FFBF0B334FB7806D5BAD /* FBSDKShareKit.framework in Frameworks */ = {isa = PBXBuildFile; fileRef = A77E3FF100D248609BFF3957 /* FBSDKShareKit.framework */; };
		906F358BAA3745DA90D8DCD1 /* AppDelegate+FCMPlugin.m in Sources */ = {isa = PBXBuildFile; fileRef = 1970EADCF8F24E72991FC454 /* AppDelegate+FCMPlugin.m */; };
		926EA8D731D7400D86D6E39E /* GoogleService-Info.plist in Resources */ = {isa = PBXBuildFile; fileRef = 32E4318AFB4549E8B87ECE19 /* GoogleService-Info.plist */; };
		92FBC7FEFE4A44C0A12086B3 /* AddressBook.framework in Frameworks */ = {isa = PBXBuildFile; fileRef = 6D09A47C6A144193B21F6EDA /* AddressBook.framework */; };
		9CB4C7CC39EB43CE87ED1405 /* GCDWebServerFileRequest.m in Sources */ = {isa = PBXBuildFile; fileRef = 6912556291A04A32A29266BF /* GCDWebServerFileRequest.m */; };
		A3BFA86066C4431D83751E73 /* GCDWebServer.m in Sources */ = {isa = PBXBuildFile; fileRef = 10DC7EF2DD024E9C9800E28F /* GCDWebServer.m */; };
		A4E5C65428F34AB99E3C46ED /* libc++.tbd in Frameworks */ = {isa = PBXBuildFile; fileRef = 3BE23E0A2F59474F90FACC8D /* libc++.tbd */; };
		AD942C6A2D464517A49488A7 /* FacebookConnectPlugin.m in Sources */ = {isa = PBXBuildFile; fileRef = 4753B46E8629458BB2E0F349 /* FacebookConnectPlugin.m */; };
		B1AA14222DBE400CBB86CADA /* CDVSplashScreen.m in Sources */ = {isa = PBXBuildFile; fileRef = 586862B2C1904772BFB87E65 /* CDVSplashScreen.m */; };
		B43550C44A1D4E2E9B36F61A /* GCDWebServerFileResponse.m in Sources */ = {isa = PBXBuildFile; fileRef = 7D80A0972D11424697B2D696 /* GCDWebServerFileResponse.m */; };
		B76073593B1F4C5694971B8A /* CoreLocation.framework in Frameworks */ = {isa = PBXBuildFile; fileRef = 447AF435E9F149E5867209AA /* CoreLocation.framework */; };
		B7F7969CF6064CD5B06DCA21 /* FBSDKCoreKit.framework in Frameworks */ = {isa = PBXBuildFile; fileRef = 772BD79F84944DDCA745DF34 /* FBSDKCoreKit.framework */; };
		BEE0F1014C254549BBDB80B5 /* AVFoundation.framework in Frameworks */ = {isa = PBXBuildFile; fileRef = 90A75DEBBC33495AB01AF996 /* AVFoundation.framework */; };
		BF71839607F1482FB7C75B34 /* GCDWebServerErrorResponse.m in Sources */ = {isa = PBXBuildFile; fileRef = B74A589856CF46089233EABB /* GCDWebServerErrorResponse.m */; };
		C0CFFED38C57446CBD1CA3A5 /* GCDWebServerRequest.m in Sources */ = {isa = PBXBuildFile; fileRef = 16008BBED73949DA838DB0D5 /* GCDWebServerRequest.m */; };
		C4DCAD4A9B5D4C2AA828F324 /* FirebaseCore.framework in Frameworks */ = {isa = PBXBuildFile; fileRef = C436C49F7DEB40B5B3F5C40D /* FirebaseCore.framework */; };
		DA58B32EFDEA46038706C1D9 /* GCDWebServerDataRequest.m in Sources */ = {isa = PBXBuildFile; fileRef = 8DD0DF9174664ED89C867517 /* GCDWebServerDataRequest.m */; };
		DBB81D5728A14B91AFC1404E /* CDVThemeableBrowser.m in Sources */ = {isa = PBXBuildFile; fileRef = 189B1A70D39149D09209D9BA /* CDVThemeableBrowser.m */; };
		DBD53C5EB58E48F2AF38A0AE /* CDVWKWebViewEngine.m in Sources */ = {isa = PBXBuildFile; fileRef = B74B86F65BF04C69915CFFFC /* CDVWKWebViewEngine.m */; };
		DDF8C9CB256B47FEA35ED131 /* CDVLocation.m in Sources */ = {isa = PBXBuildFile; fileRef = FE19A6528C8947B48F7E0ED3 /* CDVLocation.m */; };
		DFF3D1ECCCC7482A9E530974 /* GoogleIPhoneUtilities.framework in Frameworks */ = {isa = PBXBuildFile; fileRef = 7D1218DAA89448BFABF58135 /* GoogleIPhoneUtilities.framework */; };
		E478AAC807754C4783AB74C4 /* CDVDevice.m in Sources */ = {isa = PBXBuildFile; fileRef = 955B0896178B4CF587A397D7 /* CDVDevice.m */; };
		E56E0614580640889E2EC8D5 /* libz.tbd in Frameworks */ = {isa = PBXBuildFile; fileRef = E19F16A00093495AA841EC6F /* libz.tbd */; };
		EC37F78B823342B8B78E7F1C /* UIImage+CropScaleOrientation.m in Sources */ = {isa = PBXBuildFile; fileRef = DB3666D81DCB4EF78AF00104 /* UIImage+CropScaleOrientation.m */; };
		F1FF30BA433F4D4CB551DC87 /* CDVJpegHeaderWriter.m in Sources */ = {isa = PBXBuildFile; fileRef = 47F06CF14DAD4E9CBFA81C36 /* CDVJpegHeaderWriter.m */; };
		F574BB257DFD4A92B8FAD8AD /* Security.framework in Frameworks */ = {isa = PBXBuildFile; fileRef = BB03D77D7D8E46779255AAF6 /* Security.framework */; };
		F697767FD59844849770483C /* CDVWKWebViewUIDelegate.m in Sources */ = {isa = PBXBuildFile; fileRef = CE2601FEFE4F4835968F5C60 /* CDVWKWebViewUIDelegate.m */; };
		FAE7D8069A4D4AC380EBD8A7 /* FCMPlugin.m in Sources */ = {isa = PBXBuildFile; fileRef = 8EB5D2D497204D2EAD4C2E24 /* FCMPlugin.m */; };
		487DEE05F60340D59B190C51 /* CDVInAppBrowser.m in Sources */ = {isa = PBXBuildFile; fileRef = 9C2E4BDF9BF04EABA64805E5 /* CDVInAppBrowser.m */; };
/* End PBXBuildFile section */

/* Begin PBXContainerItemProxy section */
		301BF534109A57CC0062928A /* PBXContainerItemProxy */ = {
			isa = PBXContainerItemProxy;
			containerPortal = 301BF52D109A57CC0062928A /* CordovaLib/CordovaLib.xcodeproj */;
			proxyType = 2;
			remoteGlobalIDString = D2AAC07E0554694100DB518D;
			remoteInfo = CordovaLib;
		};
		301BF550109A68C00062928A /* PBXContainerItemProxy */ = {
			isa = PBXContainerItemProxy;
			containerPortal = 301BF52D109A57CC0062928A /* CordovaLib/CordovaLib.xcodeproj */;
			proxyType = 1;
			remoteGlobalIDString = D2AAC07D0554694100DB518D;
			remoteInfo = CordovaLib;
		};
		B76F10C220A311E8004CCDE9 /* PBXContainerItemProxy */ = {
			isa = PBXContainerItemProxy;
			containerPortal = 301BF52D109A57CC0062928A /* CordovaLib/CordovaLib.xcodeproj */;
			proxyType = 2;
			remoteGlobalIDString = C0C01EB21E3911D50056E6CB;
			remoteInfo = Cordova;
		};
/* End PBXContainerItemProxy section */

/* Begin PBXFileReference section */
		0207DA571B56EA530066E2B4 /* Images.xcassets */ = {isa = PBXFileReference; lastKnownFileType = folder.assetcatalog; name = Images.xcassets; path = ME/Images.xcassets; sourceTree = SOURCE_ROOT; };
		06CD61332B8443B2BE20FF5A /* FirebaseInstanceID.framework */ = {isa = PBXFileReference; explicitFileType = undefined; fileEncoding = 9; includeInIndex = 0; lastKnownFileType = wrapper.framework; name = FirebaseInstanceID.framework; path = "ME/Plugins/cordova-plugin-fcm/FirebaseInstanceID.framework"; sourceTree = "<group>"; };
		0AF1C9EA4D9047219D08ABF9 /* FirebaseMessaging.framework */ = {isa = PBXFileReference; explicitFileType = undefined; fileEncoding = 9; includeInIndex = 0; lastKnownFileType = wrapper.framework; name = FirebaseMessaging.framework; path = "ME/Plugins/cordova-plugin-fcm/FirebaseMessaging.framework"; sourceTree = "<group>"; };
		0E3F399FD29C4997BAFD3CAC /* CDVExif.h */ = {isa = PBXFileReference; explicitFileType = undefined; fileEncoding = 4; includeInIndex = 0; lastKnownFileType = sourcecode.c.h; name = CDVExif.h; path = "cordova-plugin-camera/CDVExif.h"; sourceTree = "<group>"; };
		10DC7EF2DD024E9C9800E28F /* GCDWebServer.m */ = {isa = PBXFileReference; explicitFileType = undefined; fileEncoding = 4; includeInIndex = 0; lastKnownFileType = sourcecode.c.objc; name = GCDWebServer.m; path = "cordova-plugin-ionic-webview/GCDWebServer.m"; sourceTree = "<group>"; };
		16008BBED73949DA838DB0D5 /* GCDWebServerRequest.m */ = {isa = PBXFileReference; explicitFileType = undefined; fileEncoding = 4; includeInIndex = 0; lastKnownFileType = sourcecode.c.objc; name = GCDWebServerRequest.m; path = "cordova-plugin-ionic-webview/GCDWebServerRequest.m"; sourceTree = "<group>"; };
		189B1A70D39149D09209D9BA /* CDVThemeableBrowser.m */ = {isa = PBXFileReference; explicitFileType = undefined; fileEncoding = 4; includeInIndex = 0; lastKnownFileType = sourcecode.c.objc; name = CDVThemeableBrowser.m; path = "cordova-plugin-themeablebrowser/CDVThemeableBrowser.m"; sourceTree = "<group>"; };
		1970EADCF8F24E72991FC454 /* AppDelegate+FCMPlugin.m */ = {isa = PBXFileReference; explicitFileType = undefined; fileEncoding = 4; includeInIndex = 0; lastKnownFileType = sourcecode.c.objc; name = "AppDelegate+FCMPlugin.m"; path = "cordova-plugin-fcm/AppDelegate+FCMPlugin.m"; sourceTree = "<group>"; };
		1D3623240D0F684500981E51 /* AppDelegate.h */ = {isa = PBXFileReference; fileEncoding = 4; lastKnownFileType = sourcecode.c.h; path = AppDelegate.h; sourceTree = "<group>"; };
		1D3623250D0F684500981E51 /* AppDelegate.m */ = {isa = PBXFileReference; fileEncoding = 4; lastKnownFileType = sourcecode.c.objc; path = AppDelegate.m; sourceTree = "<group>"; };
		1D6058910D05DD3D006BFB54 /* ME.app */ = {isa = PBXFileReference; explicitFileType = wrapper.application; includeInIndex = 0; path = ME.app; sourceTree = BUILT_PRODUCTS_DIR; };
		1E6B1F7E48C945BCB1F83426 /* CDVStatusBar.m */ = {isa = PBXFileReference; explicitFileType = undefined; fileEncoding = 4; includeInIndex = 0; lastKnownFileType = sourcecode.c.objc; name = CDVStatusBar.m; path = "cordova-plugin-statusbar/CDVStatusBar.m"; sourceTree = "<group>"; };
		1F0209DB0DDD4AF18B3302F8 /* GCDWebServerResponse.m */ = {isa = PBXFileReference; explicitFileType = undefined; fileEncoding = 4; includeInIndex = 0; lastKnownFileType = sourcecode.c.objc; name = GCDWebServerResponse.m; path = "cordova-plugin-ionic-webview/GCDWebServerResponse.m"; sourceTree = "<group>"; };
		20F6C8FF843C43299DD90F96 /* GCDWebServerMultiPartFormRequest.h */ = {isa = PBXFileReference; explicitFileType = undefined; fileEncoding = 4; includeInIndex = 0; lastKnownFileType = sourcecode.c.h; name = GCDWebServerMultiPartFormRequest.h; path = "cordova-plugin-ionic-webview/GCDWebServerMultiPartFormRequest.h"; sourceTree = "<group>"; };
		215A4D90294D437786D2AC32 /* CDVStatusBar.h */ = {isa = PBXFileReference; explicitFileType = undefined; fileEncoding = 4; includeInIndex = 0; lastKnownFileType = sourcecode.c.h; name = CDVStatusBar.h; path = "cordova-plugin-statusbar/CDVStatusBar.h"; sourceTree = "<group>"; };
		29B852B10F9A4C6CB0A492BA /* WebKit.framework */ = {isa = PBXFileReference; explicitFileType = undefined; fileEncoding = 9; includeInIndex = 0; lastKnownFileType = wrapper.framework; name = WebKit.framework; path = System/Library/Frameworks/WebKit.framework; sourceTree = SDKROOT; };
		29B97316FDCFA39411CA2CEA /* main.m */ = {isa = PBXFileReference; fileEncoding = 4; lastKnownFileType = sourcecode.c.objc; path = main.m; sourceTree = "<group>"; };
		2B594395BD714DEDBAC321D1 /* GCDWebServerDataResponse.m */ = {isa = PBXFileReference; explicitFileType = undefined; fileEncoding = 4; includeInIndex = 0; lastKnownFileType = sourcecode.c.objc; name = GCDWebServerDataResponse.m; path = "cordova-plugin-ionic-webview/GCDWebServerDataResponse.m"; sourceTree = "<group>"; };
		301BF52D109A57CC0062928A /* CordovaLib/CordovaLib.xcodeproj */ = {isa = PBXFileReference; lastKnownFileType = "wrapper.pb-project"; path = CordovaLib/CordovaLib.xcodeproj; sourceTree = "<group>"; };
		301BF56E109A69640062928A /* www */ = {isa = PBXFileReference; lastKnownFileType = folder; path = www; sourceTree = SOURCE_ROOT; };
		302D95EE14D2391D003F00A1 /* MainViewController.h */ = {isa = PBXFileReference; fileEncoding = 4; lastKnownFileType = sourcecode.c.h; path = MainViewController.h; sourceTree = "<group>"; };
		302D95EF14D2391D003F00A1 /* MainViewController.m */ = {isa = PBXFileReference; fileEncoding = 4; lastKnownFileType = sourcecode.c.objc; path = MainViewController.m; sourceTree = "<group>"; };
		302D95F014D2391D003F00A1 /* MainViewController.xib */ = {isa = PBXFileReference; fileEncoding = 4; lastKnownFileType = file.xib; path = MainViewController.xib; sourceTree = "<group>"; };
		3047A50F1AB8059700498E2A /* build-debug.xcconfig */ = {isa = PBXFileReference; fileEncoding = 4; lastKnownFileType = text.xcconfig; name = "build-debug.xcconfig"; path = "cordova/build-debug.xcconfig"; sourceTree = SOURCE_ROOT; };
		3047A5101AB8059700498E2A /* build-release.xcconfig */ = {isa = PBXFileReference; fileEncoding = 4; lastKnownFileType = text.xcconfig; name = "build-release.xcconfig"; path = "cordova/build-release.xcconfig"; sourceTree = SOURCE_ROOT; };
		3047A5111AB8059700498E2A /* build.xcconfig */ = {isa = PBXFileReference; fileEncoding = 4; lastKnownFileType = text.xcconfig; name = build.xcconfig; path = cordova/build.xcconfig; sourceTree = SOURCE_ROOT; };
		32CA4F630368D1EE00C91783 /* ME-Prefix.pch */ = {isa = PBXFileReference; fileEncoding = 4; lastKnownFileType = sourcecode.c.h; path = "ME-Prefix.pch"; sourceTree = "<group>"; };
		32E4318AFB4549E8B87ECE19 /* GoogleService-Info.plist */ = {isa = PBXFileReference; explicitFileType = undefined; fileEncoding = 4; includeInIndex = 0; lastKnownFileType = text.plist.xml; name = "GoogleService-Info.plist"; path = "Resources/GoogleService-Info.plist"; sourceTree = "<group>"; };
		3AE0A4D9DB6646DA9CE2D214 /* CDVLocation.h */ = {isa = PBXFileReference; explicitFileType = undefined; fileEncoding = 4; includeInIndex = 0; lastKnownFileType = sourcecode.c.h; name = CDVLocation.h; path = "cordova-plugin-geolocation/CDVLocation.h"; sourceTree = "<group>"; };
		3BDD23BB820A420BAC019D52 /* CDVViewController+SplashScreen.m */ = {isa = PBXFileReference; explicitFileType = undefined; fileEncoding = 4; includeInIndex = 0; lastKnownFileType = sourcecode.c.objc; name = "CDVViewController+SplashScreen.m"; path = "cordova-plugin-splashscreen/CDVViewController+SplashScreen.m"; sourceTree = "<group>"; };
		3BE23E0A2F59474F90FACC8D /* libc++.tbd */ = {isa = PBXFileReference; explicitFileType = undefined; fileEncoding = 9; includeInIndex = 0; lastKnownFileType = "sourcecode.text-based-dylib-definition"; name = "libc++.tbd"; path = "usr/lib/libc++.tbd"; sourceTree = SDKROOT; };
		3D1FB315798D4FFFBDBD58A5 /* FirebaseAnalytics.framework */ = {isa = PBXFileReference; explicitFileType = undefined; fileEncoding = 9; includeInIndex = 0; lastKnownFileType = wrapper.framework; name = FirebaseAnalytics.framework; path = "ME/Plugins/cordova-plugin-fcm/FirebaseAnalytics.framework"; sourceTree = "<group>"; };
		3DC9C624FCE341FE91E9CDB8 /* ActionSheet.m */ = {isa = PBXFileReference; explicitFileType = undefined; fileEncoding = 4; includeInIndex = 0; lastKnownFileType = sourcecode.c.objc; name = ActionSheet.m; path = "cordova-plugin-actionsheet/ActionSheet.m"; sourceTree = "<group>"; };
		3DE022B8BCB04B618C913F96 /* CDVWKWebViewEngine.h */ = {isa = PBXFileReference; explicitFileType = undefined; fileEncoding = 4; includeInIndex = 0; lastKnownFileType = sourcecode.c.h; name = CDVWKWebViewEngine.h; path = "cordova-plugin-ionic-webview/CDVWKWebViewEngine.h"; sourceTree = "<group>"; };
		3FF1DE442EFB4A298E2E7800 /* MapKit.framework */ = {isa = PBXFileReference; explicitFileType = undefined; fileEncoding = 9; includeInIndex = 0; lastKnownFileType = wrapper.framework; name = MapKit.framework; path = System/Library/Frameworks/MapKit.framework; sourceTree = SDKROOT; };
		41471DCCDD924E5C9914EE25 /* NSString+SSURLEncoding.h */ = {isa = PBXFileReference; explicitFileType = undefined; fileEncoding = 4; includeInIndex = 0; lastKnownFileType = sourcecode.c.h; name = "NSString+SSURLEncoding.h"; path = "cordova-plugin-x-socialsharing/NSString+SSURLEncoding.h"; sourceTree = "<group>"; };
		41847F05C5AF47A3B633E106 /* GoogleUtilities.framework */ = {isa = PBXFileReference; explicitFileType = undefined; fileEncoding = 9; includeInIndex = 0; lastKnownFileType = wrapper.framework; name = GoogleUtilities.framework; path = "ME/Plugins/cordova-plugin-fcm/GoogleUtilities.framework"; sourceTree = "<group>"; };
		447AF435E9F149E5867209AA /* CoreLocation.framework */ = {isa = PBXFileReference; explicitFileType = undefined; fileEncoding = 9; includeInIndex = 0; lastKnownFileType = wrapper.framework; name = CoreLocation.framework; path = System/Library/Frameworks/CoreLocation.framework; sourceTree = SDKROOT; };
		4726B40A07E54CF8A5C7DA4F /* GCDWebServerURLEncodedFormRequest.h */ = {isa = PBXFileReference; explicitFileType = undefined; fileEncoding = 4; includeInIndex = 0; lastKnownFileType = sourcecode.c.h; name = GCDWebServerURLEncodedFormRequest.h; path = "cordova-plugin-ionic-webview/GCDWebServerURLEncodedFormRequest.h"; sourceTree = "<group>"; };
		4753B46E8629458BB2E0F349 /* FacebookConnectPlugin.m */ = {isa = PBXFileReference; explicitFileType = undefined; fileEncoding = 4; includeInIndex = 0; lastKnownFileType = sourcecode.c.objc; name = FacebookConnectPlugin.m; path = "cordova-plugin-facebook4/FacebookConnectPlugin.m"; sourceTree = "<group>"; };
		47F06CF14DAD4E9CBFA81C36 /* CDVJpegHeaderWriter.m */ = {isa = PBXFileReference; explicitFileType = undefined; fileEncoding = 4; includeInIndex = 0; lastKnownFileType = sourcecode.c.objc; name = CDVJpegHeaderWriter.m; path = "cordova-plugin-camera/CDVJpegHeaderWriter.m"; sourceTree = "<group>"; };
		4A2748419B2E488480CCBE5E /* CDVIonicKeyboard.h */ = {isa = PBXFileReference; explicitFileType = undefined; fileEncoding = 4; includeInIndex = 0; lastKnownFileType = sourcecode.c.h; name = CDVIonicKeyboard.h; path = "cordova-plugin-ionic-keyboard/CDVIonicKeyboard.h"; sourceTree = "<group>"; };
		51DDA96312394A0087AF93C8 /* GCDWebServerDataRequest.h */ = {isa = PBXFileReference; explicitFileType = undefined; fileEncoding = 4; includeInIndex = 0; lastKnownFileType = sourcecode.c.h; name = GCDWebServerDataRequest.h; path = "cordova-plugin-ionic-webview/GCDWebServerDataRequest.h"; sourceTree = "<group>"; };
		586862B2C1904772BFB87E65 /* CDVSplashScreen.m */ = {isa = PBXFileReference; explicitFileType = undefined; fileEncoding = 4; includeInIndex = 0; lastKnownFileType = sourcecode.c.objc; name = CDVSplashScreen.m; path = "cordova-plugin-splashscreen/CDVSplashScreen.m"; sourceTree = "<group>"; };
		594B3AC4D19B4293A03B46F0 /* LaunchNavigator.h */ = {isa = PBXFileReference; explicitFileType = undefined; fileEncoding = 4; includeInIndex = 0; lastKnownFileType = sourcecode.c.h; name = LaunchNavigator.h; path = uk.co.workingedge.phonegap.plugin.launchnavigator/LaunchNavigator.h; sourceTree = "<group>"; };
		6912556291A04A32A29266BF /* GCDWebServerFileRequest.m */ = {isa = PBXFileReference; explicitFileType = undefined; fileEncoding = 4; includeInIndex = 0; lastKnownFileType = sourcecode.c.objc; name = GCDWebServerFileRequest.m; path = "cordova-plugin-ionic-webview/GCDWebServerFileRequest.m"; sourceTree = "<group>"; };
		69C33F295A2748038626CE73 /* FCMPlugin.h */ = {isa = PBXFileReference; explicitFileType = undefined; fileEncoding = 4; includeInIndex = 0; lastKnownFileType = sourcecode.c.h; name = FCMPlugin.h; path = "cordova-plugin-fcm/FCMPlugin.h"; sourceTree = "<group>"; };
		6AFF5BF81D6E424B00AB3073 /* CDVLaunchScreen.storyboard */ = {isa = PBXFileReference; fileEncoding = 4; lastKnownFileType = file.storyboard; name = CDVLaunchScreen.storyboard; path = ME/CDVLaunchScreen.storyboard; sourceTree = SOURCE_ROOT; };
		6B4193ED3DCF4E2AA1D90415 /* CDVCamera.m */ = {isa = PBXFileReference; explicitFileType = undefined; fileEncoding = 4; includeInIndex = 0; lastKnownFileType = sourcecode.c.objc; name = CDVCamera.m; path = "cordova-plugin-camera/CDVCamera.m"; sourceTree = "<group>"; };
		6C5EFA237699459E891C80CC /* Bolts.framework */ = {isa = PBXFileReference; explicitFileType = undefined; fileEncoding = 9; includeInIndex = 0; lastKnownFileType = wrapper.framework; name = Bolts.framework; path = "ME/Plugins/cordova-plugin-facebook4/Bolts.framework"; sourceTree = "<group>"; };
		6D09A47C6A144193B21F6EDA /* AddressBook.framework */ = {isa = PBXFileReference; explicitFileType = undefined; fileEncoding = 9; includeInIndex = 0; lastKnownFileType = wrapper.framework; name = AddressBook.framework; path = System/Library/Frameworks/AddressBook.framework; sourceTree = SDKROOT; };
		6F1AD2DBEC2A4F32A5AAB1A4 /* GCDWebServerErrorResponse.h */ = {isa = PBXFileReference; explicitFileType = undefined; fileEncoding = 4; includeInIndex = 0; lastKnownFileType = sourcecode.c.h; name = GCDWebServerErrorResponse.h; path = "cordova-plugin-ionic-webview/GCDWebServerErrorResponse.h"; sourceTree = "<group>"; };
		7189AC9A780D42A0982E3458 /* GCDWebServerRequest.h */ = {isa = PBXFileReference; explicitFileType = undefined; fileEncoding = 4; includeInIndex = 0; lastKnownFileType = sourcecode.c.h; name = GCDWebServerRequest.h; path = "cordova-plugin-ionic-webview/GCDWebServerRequest.h"; sourceTree = "<group>"; };
		71BDB1FE0777452781BE2C87 /* CDVDevice.h */ = {isa = PBXFileReference; explicitFileType = undefined; fileEncoding = 4; includeInIndex = 0; lastKnownFileType = sourcecode.c.h; name = CDVDevice.h; path = "cordova-plugin-device/CDVDevice.h"; sourceTree = "<group>"; };
		71EF8C6BAF2044DBA5A82E4F /* SocialSharing.m */ = {isa = PBXFileReference; explicitFileType = undefined; fileEncoding = 4; includeInIndex = 0; lastKnownFileType = sourcecode.c.objc; name = SocialSharing.m; path = "cordova-plugin-x-socialsharing/SocialSharing.m"; sourceTree = "<group>"; };
		772BD79F84944DDCA745DF34 /* FBSDKCoreKit.framework */ = {isa = PBXFileReference; explicitFileType = undefined; fileEncoding = 9; includeInIndex = 0; lastKnownFileType = wrapper.framework; name = FBSDKCoreKit.framework; path = "ME/Plugins/cordova-plugin-facebook4/FBSDKCoreKit.framework"; sourceTree = "<group>"; };
		7A757225D13B4F72B898BE2F /* FacebookConnectPlugin.h */ = {isa = PBXFileReference; explicitFileType = undefined; fileEncoding = 4; includeInIndex = 0; lastKnownFileType = sourcecode.c.h; name = FacebookConnectPlugin.h; path = "cordova-plugin-facebook4/FacebookConnectPlugin.h"; sourceTree = "<group>"; };
		7B08098ACFA94F1BAB29BDA6 /* GCDWebServerPrivate.h */ = {isa = PBXFileReference; explicitFileType = undefined; fileEncoding = 4; includeInIndex = 0; lastKnownFileType = sourcecode.c.h; name = GCDWebServerPrivate.h; path = "cordova-plugin-ionic-webview/GCDWebServerPrivate.h"; sourceTree = "<group>"; };
		7D1218DAA89448BFABF58135 /* GoogleIPhoneUtilities.framework */ = {isa = PBXFileReference; explicitFileType = undefined; fileEncoding = 9; includeInIndex = 0; lastKnownFileType = wrapper.framework; name = GoogleIPhoneUtilities.framework; path = "ME/Plugins/cordova-plugin-fcm/GoogleIPhoneUtilities.framework"; sourceTree = "<group>"; };
		7D80A0972D11424697B2D696 /* GCDWebServerFileResponse.m */ = {isa = PBXFileReference; explicitFileType = undefined; fileEncoding = 4; includeInIndex = 0; lastKnownFileType = sourcecode.c.objc; name = GCDWebServerFileResponse.m; path = "cordova-plugin-ionic-webview/GCDWebServerFileResponse.m"; sourceTree = "<group>"; };
		7E54207555DD48EA97B152CE /* CDVCamera.h */ = {isa = PBXFileReference; explicitFileType = undefined; fileEncoding = 4; includeInIndex = 0; lastKnownFileType = sourcecode.c.h; name = CDVCamera.h; path = "cordova-plugin-camera/CDVCamera.h"; sourceTree = "<group>"; };
		7FAD581BAF99447A9E9C7C14 /* Firebase.h */ = {isa = PBXFileReference; explicitFileType = undefined; fileEncoding = 4; includeInIndex = 0; lastKnownFileType = sourcecode.c.h; name = Firebase.h; path = "cordova-plugin-fcm/Firebase.h"; sourceTree = "<group>"; };
		86147A9EC6C74E52B3D5022F /* GCDWebServerFunctions.h */ = {isa = PBXFileReference; explicitFileType = undefined; fileEncoding = 4; includeInIndex = 0; lastKnownFileType = sourcecode.c.h; name = GCDWebServerFunctions.h; path = "cordova-plugin-ionic-webview/GCDWebServerFunctions.h"; sourceTree = "<group>"; };
		8B3C563F1DE041EAB1D1C82B /* UIImage+CropScaleOrientation.h */ = {isa = PBXFileReference; explicitFileType = undefined; fileEncoding = 4; includeInIndex = 0; lastKnownFileType = sourcecode.c.h; name = "UIImage+CropScaleOrientation.h"; path = "cordova-plugin-camera/UIImage+CropScaleOrientation.h"; sourceTree = "<group>"; };
		8D1107310486CEB800E47090 /* ME-Info.plist */ = {isa = PBXFileReference; fileEncoding = 4; lastKnownFileType = text.plist.xml; name = "ME-Info.plist"; path = "ME/ME-Info.plist"; plistStructureDefinitionIdentifier = "com.apple.xcode.plist.structure-definition.iphone.info-plist"; sourceTree = SOURCE_ROOT; };
		8DD0DF9174664ED89C867517 /* GCDWebServerDataRequest.m */ = {isa = PBXFileReference; explicitFileType = undefined; fileEncoding = 4; includeInIndex = 0; lastKnownFileType = sourcecode.c.objc; name = GCDWebServerDataRequest.m; path = "cordova-plugin-ionic-webview/GCDWebServerDataRequest.m"; sourceTree = "<group>"; };
		8E7BD22A62644E38B6F814DF /* AudioToolbox.framework */ = {isa = PBXFileReference; explicitFileType = undefined; fileEncoding = 9; includeInIndex = 0; lastKnownFileType = wrapper.framework; name = AudioToolbox.framework; path = System/Library/Frameworks/AudioToolbox.framework; sourceTree = SDKROOT; };
		8EB5D2D497204D2EAD4C2E24 /* FCMPlugin.m */ = {isa = PBXFileReference; explicitFileType = undefined; fileEncoding = 4; includeInIndex = 0; lastKnownFileType = sourcecode.c.objc; name = FCMPlugin.m; path = "cordova-plugin-fcm/FCMPlugin.m"; sourceTree = "<group>"; };
		90A75DEBBC33495AB01AF996 /* AVFoundation.framework */ = {isa = PBXFileReference; explicitFileType = undefined; fileEncoding = 9; includeInIndex = 0; lastKnownFileType = wrapper.framework; name = AVFoundation.framework; path = System/Library/Frameworks/AVFoundation.framework; sourceTree = SDKROOT; };
		90EDEB27D28C455D854DE11E /* AppDelegate+FCMPlugin.h */ = {isa = PBXFileReference; explicitFileType = undefined; fileEncoding = 4; includeInIndex = 0; lastKnownFileType = sourcecode.c.h; name = "AppDelegate+FCMPlugin.h"; path = "cordova-plugin-fcm/AppDelegate+FCMPlugin.h"; sourceTree = "<group>"; };
		955B0896178B4CF587A397D7 /* CDVDevice.m */ = {isa = PBXFileReference; explicitFileType = undefined; fileEncoding = 4; includeInIndex = 0; lastKnownFileType = sourcecode.c.objc; name = CDVDevice.m; path = "cordova-plugin-device/CDVDevice.m"; sourceTree = "<group>"; };
		976A2C6666534D12BEA8BCCD /* GCDWebServerResponse.h */ = {isa = PBXFileReference; explicitFileType = undefined; fileEncoding = 4; includeInIndex = 0; lastKnownFileType = sourcecode.c.h; name = GCDWebServerResponse.h; path = "cordova-plugin-ionic-webview/GCDWebServerResponse.h"; sourceTree = "<group>"; };
		977006382B26490DA32463B0 /* CDVIonicKeyboard.m */ = {isa = PBXFileReference; explicitFileType = undefined; fileEncoding = 4; includeInIndex = 0; lastKnownFileType = sourcecode.c.objc; name = CDVIonicKeyboard.m; path = "cordova-plugin-ionic-keyboard/CDVIonicKeyboard.m"; sourceTree = "<group>"; };
		A03FA9E54534475598F47671 /* SocialSharing.h */ = {isa = PBXFileReference; explicitFileType = undefined; fileEncoding = 4; includeInIndex = 0; lastKnownFileType = sourcecode.c.h; name = SocialSharing.h; path = "cordova-plugin-x-socialsharing/SocialSharing.h"; sourceTree = "<group>"; };
		A53AA8F714B74D498429A1B9 /* LN_Reachability.h */ = {isa = PBXFileReference; explicitFileType = undefined; fileEncoding = 4; includeInIndex = 0; lastKnownFileType = sourcecode.c.h; name = LN_Reachability.h; path = uk.co.workingedge.phonegap.plugin.launchnavigator/LN_Reachability.h; sourceTree = "<group>"; };
		A58525AD46364F38B41EB322 /* GoogleInterchangeUtilities.framework */ = {isa = PBXFileReference; explicitFileType = undefined; fileEncoding = 9; includeInIndex = 0; lastKnownFileType = wrapper.framework; name = GoogleInterchangeUtilities.framework; path = "ME/Plugins/cordova-plugin-fcm/GoogleInterchangeUtilities.framework"; sourceTree = "<group>"; };
		A6F67085FD0E405DA2628E6F /* CDVSplashScreen.h */ = {isa = PBXFileReference; explicitFileType = undefined; fileEncoding = 4; includeInIndex = 0; lastKnownFileType = sourcecode.c.h; name = CDVSplashScreen.h; path = "cordova-plugin-splashscreen/CDVSplashScreen.h"; sourceTree = "<group>"; };
		A77E3FF100D248609BFF3957 /* FBSDKShareKit.framework */ = {isa = PBXFileReference; explicitFileType = undefined; fileEncoding = 9; includeInIndex = 0; lastKnownFileType = wrapper.framework; name = FBSDKShareKit.framework; path = "ME/Plugins/cordova-plugin-facebook4/FBSDKShareKit.framework"; sourceTree = "<group>"; };
		ACFCAFC6D14A48FDA3BCF6E6 /* Social.framework */ = {isa = PBXFileReference; explicitFileType = undefined; fileEncoding = 9; includeInIndex = 0; lastKnownFileType = wrapper.framework; name = Social.framework; path = System/Library/Frameworks/Social.framework; sourceTree = SDKROOT; };
		B0E79776BEF54FB682DB150E /* GCDWebServerDataResponse.h */ = {isa = PBXFileReference; explicitFileType = undefined; fileEncoding = 4; includeInIndex = 0; lastKnownFileType = sourcecode.c.h; name = GCDWebServerDataResponse.h; path = "cordova-plugin-ionic-webview/GCDWebServerDataResponse.h"; sourceTree = "<group>"; };
		B3452FF056E942029A54F248 /* ImageIO.framework */ = {isa = PBXFileReference; explicitFileType = undefined; fileEncoding = 9; includeInIndex = 0; lastKnownFileType = wrapper.framework; name = ImageIO.framework; path = System/Library/Frameworks/ImageIO.framework; sourceTree = SDKROOT; };
		B74A589856CF46089233EABB /* GCDWebServerErrorResponse.m */ = {isa = PBXFileReference; explicitFileType = undefined; fileEncoding = 4; includeInIndex = 0; lastKnownFileType = sourcecode.c.objc; name = GCDWebServerErrorResponse.m; path = "cordova-plugin-ionic-webview/GCDWebServerErrorResponse.m"; sourceTree = "<group>"; };
		B74B86F65BF04C69915CFFFC /* CDVWKWebViewEngine.m */ = {isa = PBXFileReference; explicitFileType = undefined; fileEncoding = 4; includeInIndex = 0; lastKnownFileType = sourcecode.c.objc; name = CDVWKWebViewEngine.m; path = "cordova-plugin-ionic-webview/CDVWKWebViewEngine.m"; sourceTree = "<group>"; };
		BAAABEE336A042E5BB1DD842 /* GCDWebServerConnection.m */ = {isa = PBXFileReference; explicitFileType = undefined; fileEncoding = 4; includeInIndex = 0; lastKnownFileType = sourcecode.c.objc; name = GCDWebServerConnection.m; path = "cordova-plugin-ionic-webview/GCDWebServerConnection.m"; sourceTree = "<group>"; };
		BB03D77D7D8E46779255AAF6 /* Security.framework */ = {isa = PBXFileReference; explicitFileType = undefined; fileEncoding = 9; includeInIndex = 0; lastKnownFileType = wrapper.framework; name = Security.framework; path = System/Library/Frameworks/Security.framework; sourceTree = SDKROOT; };
		BCC89E5CD8EB4A94B882DED1 /* SystemConfiguration.framework */ = {isa = PBXFileReference; explicitFileType = undefined; fileEncoding = 9; includeInIndex = 0; lastKnownFileType = wrapper.framework; name = SystemConfiguration.framework; path = System/Library/Frameworks/SystemConfiguration.framework; sourceTree = SDKROOT; };
		BF167F9EE8524CA38B27B892 /* GCDWebServerFileRequest.h */ = {isa = PBXFileReference; explicitFileType = undefined; fileEncoding = 4; includeInIndex = 0; lastKnownFileType = sourcecode.c.h; name = GCDWebServerFileRequest.h; path = "cordova-plugin-ionic-webview/GCDWebServerFileRequest.h"; sourceTree = "<group>"; };
		BF7FA2FF831F48659DF86E86 /* CDVWKWebViewUIDelegate.h */ = {isa = PBXFileReference; explicitFileType = undefined; fileEncoding = 4; includeInIndex = 0; lastKnownFileType = sourcecode.c.h; name = CDVWKWebViewUIDelegate.h; path = "cordova-plugin-ionic-webview/CDVWKWebViewUIDelegate.h"; sourceTree = "<group>"; };
		C33BAA4EA83846EAAB835124 /* GCDWebServerStreamedResponse.m */ = {isa = PBXFileReference; explicitFileType = undefined; fileEncoding = 4; includeInIndex = 0; lastKnownFileType = sourcecode.c.objc; name = GCDWebServerStreamedResponse.m; path = "cordova-plugin-ionic-webview/GCDWebServerStreamedResponse.m"; sourceTree = "<group>"; };
		C3928A1EB265480E830B0026 /* CDVNotification.m */ = {isa = PBXFileReference; explicitFileType = undefined; fileEncoding = 4; includeInIndex = 0; lastKnownFileType = sourcecode.c.objc; name = CDVNotification.m; path = "cordova-plugin-dialogs/CDVNotification.m"; sourceTree = "<group>"; };
		C436C49F7DEB40B5B3F5C40D /* FirebaseCore.framework */ = {isa = PBXFileReference; explicitFileType = undefined; fileEncoding = 9; includeInIndex = 0; lastKnownFileType = wrapper.framework; name = FirebaseCore.framework; path = "ME/Plugins/cordova-plugin-fcm/FirebaseCore.framework"; sourceTree = "<group>"; };
		C8790EB7268A4C9894AFBBA5 /* CDVNotification.bundle */ = {isa = PBXFileReference; explicitFileType = undefined; fileEncoding = 9; includeInIndex = 0; lastKnownFileType = "wrapper.plug-in"; path = CDVNotification.bundle; sourceTree = "<group>"; };
		CA0F6656B9BF414BA5951551 /* GoogleSymbolUtilities.framework */ = {isa = PBXFileReference; explicitFileType = undefined; fileEncoding = 9; includeInIndex = 0; lastKnownFileType = wrapper.framework; name = GoogleSymbolUtilities.framework; path = "ME/Plugins/cordova-plugin-fcm/GoogleSymbolUtilities.framework"; sourceTree = "<group>"; };
		CA525FDB590E4A64BDB2C74D /* MessageUI.framework */ = {isa = PBXFileReference; explicitFileType = undefined; fileEncoding = 9; includeInIndex = 0; lastKnownFileType = wrapper.framework; name = MessageUI.framework; path = System/Library/Frameworks/MessageUI.framework; sourceTree = SDKROOT; };
		CB7E3D0990BA48EDBD4EC683 /* CDVNotification.h */ = {isa = PBXFileReference; explicitFileType = undefined; fileEncoding = 4; includeInIndex = 0; lastKnownFileType = sourcecode.c.h; name = CDVNotification.h; path = "cordova-plugin-dialogs/CDVNotification.h"; sourceTree = "<group>"; };
		CC98D0D0F3F8434B87FA5BD5 /* CDVViewController+SplashScreen.h */ = {isa = PBXFileReference; explicitFileType = undefined; fileEncoding = 4; includeInIndex = 0; lastKnownFileType = sourcecode.c.h; name = "CDVViewController+SplashScreen.h"; path = "cordova-plugin-splashscreen/CDVViewController+SplashScreen.h"; sourceTree = "<group>"; };
		CDC2D70A2A2A4CFAA7846BD2 /* GCDWebServerFunctions.m */ = {isa = PBXFileReference; explicitFileType = undefined; fileEncoding = 4; includeInIndex = 0; lastKnownFileType = sourcecode.c.objc; name = GCDWebServerFunctions.m; path = "cordova-plugin-ionic-webview/GCDWebServerFunctions.m"; sourceTree = "<group>"; };
		CE2601FEFE4F4835968F5C60 /* CDVWKWebViewUIDelegate.m */ = {isa = PBXFileReference; explicitFileType = undefined; fileEncoding = 4; includeInIndex = 0; lastKnownFileType = sourcecode.c.objc; name = CDVWKWebViewUIDelegate.m; path = "cordova-plugin-ionic-webview/CDVWKWebViewUIDelegate.m"; sourceTree = "<group>"; };
		CE8B463938E0483E8E46A382 /* GCDWebServerMultiPartFormRequest.m */ = {isa = PBXFileReference; explicitFileType = undefined; fileEncoding = 4; includeInIndex = 0; lastKnownFileType = sourcecode.c.objc; name = GCDWebServerMultiPartFormRequest.m; path = "cordova-plugin-ionic-webview/GCDWebServerMultiPartFormRequest.m"; sourceTree = "<group>"; };
		D4122E1522DE48D787EC93F0 /* GCDWebServerHTTPStatusCodes.h */ = {isa = PBXFileReference; explicitFileType = undefined; fileEncoding = 4; includeInIndex = 0; lastKnownFileType = sourcecode.c.h; name = GCDWebServerHTTPStatusCodes.h; path = "cordova-plugin-ionic-webview/GCDWebServerHTTPStatusCodes.h"; sourceTree = "<group>"; };
		D52A58A2B43F482299A1E761 /* GCDWebServerStreamedResponse.h */ = {isa = PBXFileReference; explicitFileType = undefined; fileEncoding = 4; includeInIndex = 0; lastKnownFileType = sourcecode.c.h; name = GCDWebServerStreamedResponse.h; path = "cordova-plugin-ionic-webview/GCDWebServerStreamedResponse.h"; sourceTree = "<group>"; };
		D6153B5337D7403A845F1A10 /* FBSDKLoginKit.framework */ = {isa = PBXFileReference; explicitFileType = undefined; fileEncoding = 9; includeInIndex = 0; lastKnownFileType = wrapper.framework; name = FBSDKLoginKit.framework; path = "ME/Plugins/cordova-plugin-facebook4/FBSDKLoginKit.framework"; sourceTree = "<group>"; };
		D8ABAE377BDF40978349F733 /* GCDWebServerURLEncodedFormRequest.m */ = {isa = PBXFileReference; explicitFileType = undefined; fileEncoding = 4; includeInIndex = 0; lastKnownFileType = sourcecode.c.objc; name = GCDWebServerURLEncodedFormRequest.m; path = "cordova-plugin-ionic-webview/GCDWebServerURLEncodedFormRequest.m"; sourceTree = "<group>"; };
		DB3666D81DCB4EF78AF00104 /* UIImage+CropScaleOrientation.m */ = {isa = PBXFileReference; explicitFileType = undefined; fileEncoding = 4; includeInIndex = 0; lastKnownFileType = sourcecode.c.objc; name = "UIImage+CropScaleOrientation.m"; path = "cordova-plugin-camera/UIImage+CropScaleOrientation.m"; sourceTree = "<group>"; };
		DCA94FC0B17A4D32A25B55C9 /* LN_Reachability.m */ = {isa = PBXFileReference; explicitFileType = undefined; fileEncoding = 4; includeInIndex = 0; lastKnownFileType = sourcecode.c.objc; name = LN_Reachability.m; path = uk.co.workingedge.phonegap.plugin.launchnavigator/LN_Reachability.m; sourceTree = "<group>"; };
		E19F16A00093495AA841EC6F /* libz.tbd */ = {isa = PBXFileReference; explicitFileType = undefined; fileEncoding = 9; includeInIndex = 0; lastKnownFileType = "sourcecode.text-based-dylib-definition"; name = libz.tbd; path = usr/lib/libz.tbd; sourceTree = SDKROOT; };
		E5B597270292407A85796CC8 /* NSString+SSURLEncoding.m */ = {isa = PBXFileReference; explicitFileType = undefined; fileEncoding = 4; includeInIndex = 0; lastKnownFileType = sourcecode.c.objc; name = "NSString+SSURLEncoding.m"; path = "cordova-plugin-x-socialsharing/NSString+SSURLEncoding.m"; sourceTree = "<group>"; };
		E63FE0256B3845B596159F1E /* ActionSheet.h */ = {isa = PBXFileReference; explicitFileType = undefined; fileEncoding = 4; includeInIndex = 0; lastKnownFileType = sourcecode.c.h; name = ActionSheet.h; path = "cordova-plugin-actionsheet/ActionSheet.h"; sourceTree = "<group>"; };
		E77F8BB7261943F5B711AD00 /* CDVThemeableBrowser.h */ = {isa = PBXFileReference; explicitFileType = undefined; fileEncoding = 4; includeInIndex = 0; lastKnownFileType = sourcecode.c.h; name = CDVThemeableBrowser.h; path = "cordova-plugin-themeablebrowser/CDVThemeableBrowser.h"; sourceTree = "<group>"; };
		EB87FDF31871DA8E0020F90C /* www */ = {isa = PBXFileReference; lastKnownFileType = folder; name = www; path = ../../www; sourceTree = "<group>"; };
		EB87FDF41871DAF40020F90C /* config.xml */ = {isa = PBXFileReference; lastKnownFileType = text.xml; name = config.xml; path = ../../config.xml; sourceTree = "<group>"; };
		ED33DF2A687741AEAF9F8254 /* Bridging-Header.h */ = {isa = PBXFileReference; fileEncoding = 4; lastKnownFileType = sourcecode.c.h; path = "Bridging-Header.h"; sourceTree = "<group>"; };
		EE6A6A4E423B4FD6AEB7A3A1 /* CDVWKProcessPoolFactory.m */ = {isa = PBXFileReference; explicitFileType = undefined; fileEncoding = 4; includeInIndex = 0; lastKnownFileType = sourcecode.c.objc; name = CDVWKProcessPoolFactory.m; path = "cordova-plugin-ionic-webview/CDVWKProcessPoolFactory.m"; sourceTree = "<group>"; };
		F24933F6446143DC8277DD77 /* libsqlite3.0.tbd */ = {isa = PBXFileReference; explicitFileType = undefined; fileEncoding = 9; includeInIndex = 0; lastKnownFileType = "sourcecode.text-based-dylib-definition"; name = libsqlite3.0.tbd; path = usr/lib/libsqlite3.0.tbd; sourceTree = SDKROOT; };
		F26004E3348341AF81AAC62B /* GCDWebServerFileResponse.h */ = {isa = PBXFileReference; explicitFileType = undefined; fileEncoding = 4; includeInIndex = 0; lastKnownFileType = sourcecode.c.h; name = GCDWebServerFileResponse.h; path = "cordova-plugin-ionic-webview/GCDWebServerFileResponse.h"; sourceTree = "<group>"; };
		F6B0D3C8946A48ABA870DF2E /* GCDWebServerConnection.h */ = {isa = PBXFileReference; explicitFileType = undefined; fileEncoding = 4; includeInIndex = 0; lastKnownFileType = sourcecode.c.h; name = GCDWebServerConnection.h; path = "cordova-plugin-ionic-webview/GCDWebServerConnection.h"; sourceTree = "<group>"; };
		F840E1F0165FE0F500CFE078 /* config.xml */ = {isa = PBXFileReference; lastKnownFileType = text.xml; name = config.xml; path = ME/config.xml; sourceTree = "<group>"; };
		FBE1363FD4FB46F2AB869B2A /* GCDWebServer.h */ = {isa = PBXFileReference; explicitFileType = undefined; fileEncoding = 4; includeInIndex = 0; lastKnownFileType = sourcecode.c.h; name = GCDWebServer.h; path = "cordova-plugin-ionic-webview/GCDWebServer.h"; sourceTree = "<group>"; };
		FD1567510CAA4C93A4AC0470 /* LaunchNavigator.m */ = {isa = PBXFileReference; explicitFileType = undefined; fileEncoding = 4; includeInIndex = 0; lastKnownFileType = sourcecode.c.objc; name = LaunchNavigator.m; path = uk.co.workingedge.phonegap.plugin.launchnavigator/LaunchNavigator.m; sourceTree = "<group>"; };
		FE19A6528C8947B48F7E0ED3 /* CDVLocation.m */ = {isa = PBXFileReference; explicitFileType = undefined; fileEncoding = 4; includeInIndex = 0; lastKnownFileType = sourcecode.c.objc; name = CDVLocation.m; path = "cordova-plugin-geolocation/CDVLocation.m"; sourceTree = "<group>"; };
		FE902B5FEC85449881003ACE /* CDVJpegHeaderWriter.h */ = {isa = PBXFileReference; explicitFileType = undefined; fileEncoding = 4; includeInIndex = 0; lastKnownFileType = sourcecode.c.h; name = CDVJpegHeaderWriter.h; path = "cordova-plugin-camera/CDVJpegHeaderWriter.h"; sourceTree = "<group>"; };
		FEBA5B47D2E84545934713C8 /* CDVWKProcessPoolFactory.h */ = {isa = PBXFileReference; explicitFileType = undefined; fileEncoding = 4; includeInIndex = 0; lastKnownFileType = sourcecode.c.h; name = CDVWKProcessPoolFactory.h; path = "cordova-plugin-ionic-webview/CDVWKProcessPoolFactory.h"; sourceTree = "<group>"; };
		9C2E4BDF9BF04EABA64805E5 /* CDVInAppBrowser.m */ = {isa = PBXFileReference; name = "CDVInAppBrowser.m"; path = "cordova-plugin-inappbrowser/CDVInAppBrowser.m"; sourceTree = "<group>"; fileEncoding = 4; lastKnownFileType = sourcecode.c.objc; explicitFileType = undefined; includeInIndex = 0; };
		22741B29E96E45F58607CA56 /* CDVInAppBrowser.h */ = {isa = PBXFileReference; name = "CDVInAppBrowser.h"; path = "cordova-plugin-inappbrowser/CDVInAppBrowser.h"; sourceTree = "<group>"; fileEncoding = 4; lastKnownFileType = sourcecode.c.h; explicitFileType = undefined; includeInIndex = 0; };
/* End PBXFileReference section */

/* Begin PBXFrameworksBuildPhase section */
		1D60588F0D05DD3D006BFB54 /* Frameworks */ = {
			isa = PBXFrameworksBuildPhase;
			buildActionMask = 2147483647;
			files = (
				301BF552109A68D80062928A /* libCordova.a in Frameworks */,
				0F88B626BF384847A542CB65 /* ImageIO.framework in Frameworks */,
				B76073593B1F4C5694971B8A /* CoreLocation.framework in Frameworks */,
				BEE0F1014C254549BBDB80B5 /* AVFoundation.framework in Frameworks */,
				E56E0614580640889E2EC8D5 /* libz.tbd in Frameworks */,
				3E31769A2F4144E89EE528E4 /* AudioToolbox.framework in Frameworks */,
				0B9A7E37F82E486B9790B9A3 /* Bolts.framework in Frameworks */,
				B7F7969CF6064CD5B06DCA21 /* FBSDKCoreKit.framework in Frameworks */,
				5FCB88FDF01A4765BE98E173 /* FBSDKLoginKit.framework in Frameworks */,
				87D5FFBF0B334FB7806D5BAD /* FBSDKShareKit.framework in Frameworks */,
				4E673B12B06F463E9ED01B54 /* FirebaseAnalytics.framework in Frameworks */,
				C4DCAD4A9B5D4C2AA828F324 /* FirebaseCore.framework in Frameworks */,
				80EB51939A7145A9A09765DC /* FirebaseInstanceID.framework in Frameworks */,
				19F3F2D505C844F190BDF510 /* FirebaseMessaging.framework in Frameworks */,
				48DF49E15BF54633B836E0BF /* GoogleInterchangeUtilities.framework in Frameworks */,
				DFF3D1ECCCC7482A9E530974 /* GoogleIPhoneUtilities.framework in Frameworks */,
				1AC2C7FAAD634009B849B90F /* GoogleSymbolUtilities.framework in Frameworks */,
				293BBC0456F74C61A305B2FE /* GoogleUtilities.framework in Frameworks */,
				A4E5C65428F34AB99E3C46ED /* libc++.tbd in Frameworks */,
				92FBC7FEFE4A44C0A12086B3 /* AddressBook.framework in Frameworks */,
				60AC2591ED7D41D08A5B5FC5 /* libsqlite3.0.tbd in Frameworks */,
				F574BB257DFD4A92B8FAD8AD /* Security.framework in Frameworks */,
				50A41C6849A8484B89ED3062 /* WebKit.framework in Frameworks */,
				2C5C46446E9D48E1B281DD86 /* Social.framework in Frameworks */,
				316ED229507145D696FA75F6 /* MessageUI.framework in Frameworks */,
				1ADB91E7355B462998C7CD1B /* MapKit.framework in Frameworks */,
				75DA4A1CCFD644CBB4583DD7 /* SystemConfiguration.framework in Frameworks */,
			);
			runOnlyForDeploymentPostprocessing = 0;
		};
/* End PBXFrameworksBuildPhase section */

/* Begin PBXGroup section */
		080E96DDFE201D6D7F000001 /* Classes */ = {
			isa = PBXGroup;
			children = (
				302D95EE14D2391D003F00A1 /* MainViewController.h */,
				302D95EF14D2391D003F00A1 /* MainViewController.m */,
				302D95F014D2391D003F00A1 /* MainViewController.xib */,
				1D3623240D0F684500981E51 /* AppDelegate.h */,
				1D3623250D0F684500981E51 /* AppDelegate.m */,
			);
			name = Classes;
			path = ME/Classes;
			sourceTree = SOURCE_ROOT;
		};
		19C28FACFE9D520D11CA2CBB /* Products */ = {
			isa = PBXGroup;
			children = (
				1D6058910D05DD3D006BFB54 /* ME.app */,
			);
			name = Products;
			sourceTree = "<group>";
		};
		29B97314FDCFA39411CA2CEA /* CustomTemplate */ = {
			isa = PBXGroup;
			children = (
				EB87FDF41871DAF40020F90C /* config.xml */,
				EB87FDF31871DA8E0020F90C /* www */,
				EB87FDF11871DA420020F90C /* Staging */,
				301BF52D109A57CC0062928A /* CordovaLib/CordovaLib.xcodeproj */,
				080E96DDFE201D6D7F000001 /* Classes */,
				307C750510C5A3420062BCA9 /* Plugins */,
				29B97315FDCFA39411CA2CEA /* Other Sources */,
				29B97317FDCFA39411CA2CEA /* Resources */,
				29B97323FDCFA39411CA2CEA /* Frameworks */,
				19C28FACFE9D520D11CA2CBB /* Products */,
			);
			name = CustomTemplate;
			sourceTree = "<group>";
		};
		29B97315FDCFA39411CA2CEA /* Other Sources */ = {
			isa = PBXGroup;
			children = (
				32CA4F630368D1EE00C91783 /* ME-Prefix.pch */,
				29B97316FDCFA39411CA2CEA /* main.m */,
				ED33DF2A687741AEAF9F8254 /* Bridging-Header.h */,
			);
			name = "Other Sources";
			path = ME;
			sourceTree = "<group>";
		};
		29B97317FDCFA39411CA2CEA /* Resources */ = {
			isa = PBXGroup;
			children = (
				0207DA571B56EA530066E2B4 /* Images.xcassets */,
				3047A50E1AB8057F00498E2A /* config */,
				8D1107310486CEB800E47090 /* ME-Info.plist */,
				6AFF5BF81D6E424B00AB3073 /* CDVLaunchScreen.storyboard */,
				C8790EB7268A4C9894AFBBA5 /* CDVNotification.bundle */,
				32E4318AFB4549E8B87ECE19 /* GoogleService-Info.plist */,
			);
			name = Resources;
			path = ME/Resources;
			sourceTree = "<group>";
		};
		29B97323FDCFA39411CA2CEA /* Frameworks */ = {
			isa = PBXGroup;
			children = (
				B3452FF056E942029A54F248 /* ImageIO.framework */,
				447AF435E9F149E5867209AA /* CoreLocation.framework */,
				90A75DEBBC33495AB01AF996 /* AVFoundation.framework */,
				E19F16A00093495AA841EC6F /* libz.tbd */,
				8E7BD22A62644E38B6F814DF /* AudioToolbox.framework */,
				6C5EFA237699459E891C80CC /* Bolts.framework */,
				772BD79F84944DDCA745DF34 /* FBSDKCoreKit.framework */,
				D6153B5337D7403A845F1A10 /* FBSDKLoginKit.framework */,
				A77E3FF100D248609BFF3957 /* FBSDKShareKit.framework */,
				3D1FB315798D4FFFBDBD58A5 /* FirebaseAnalytics.framework */,
				C436C49F7DEB40B5B3F5C40D /* FirebaseCore.framework */,
				06CD61332B8443B2BE20FF5A /* FirebaseInstanceID.framework */,
				0AF1C9EA4D9047219D08ABF9 /* FirebaseMessaging.framework */,
				A58525AD46364F38B41EB322 /* GoogleInterchangeUtilities.framework */,
				7D1218DAA89448BFABF58135 /* GoogleIPhoneUtilities.framework */,
				CA0F6656B9BF414BA5951551 /* GoogleSymbolUtilities.framework */,
				41847F05C5AF47A3B633E106 /* GoogleUtilities.framework */,
				3BE23E0A2F59474F90FACC8D /* libc++.tbd */,
				6D09A47C6A144193B21F6EDA /* AddressBook.framework */,
				F24933F6446143DC8277DD77 /* libsqlite3.0.tbd */,
				BB03D77D7D8E46779255AAF6 /* Security.framework */,
				29B852B10F9A4C6CB0A492BA /* WebKit.framework */,
				ACFCAFC6D14A48FDA3BCF6E6 /* Social.framework */,
				CA525FDB590E4A64BDB2C74D /* MessageUI.framework */,
				3FF1DE442EFB4A298E2E7800 /* MapKit.framework */,
				BCC89E5CD8EB4A94B882DED1 /* SystemConfiguration.framework */,
			);
			name = Frameworks;
			sourceTree = "<group>";
		};
		301BF52E109A57CC0062928A /* Products */ = {
			isa = PBXGroup;
			children = (
				301BF535109A57CC0062928A /* libCordova.a */,
				B76F10C320A311E8004CCDE9 /* Cordova.framework */,
			);
			name = Products;
			sourceTree = "<group>";
		};
		3047A50E1AB8057F00498E2A /* config */ = {
			isa = PBXGroup;
			children = (
				3047A50F1AB8059700498E2A /* build-debug.xcconfig */,
				3047A5101AB8059700498E2A /* build-release.xcconfig */,
				3047A5111AB8059700498E2A /* build.xcconfig */,
			);
			name = config;
			sourceTree = "<group>";
		};
		307C750510C5A3420062BCA9 /* Plugins */ = {
			isa = PBXGroup;
			children = (
				3DC9C624FCE341FE91E9CDB8 /* ActionSheet.m */,
				E63FE0256B3845B596159F1E /* ActionSheet.h */,
				DB3666D81DCB4EF78AF00104 /* UIImage+CropScaleOrientation.m */,
				6B4193ED3DCF4E2AA1D90415 /* CDVCamera.m */,
				47F06CF14DAD4E9CBFA81C36 /* CDVJpegHeaderWriter.m */,
				8B3C563F1DE041EAB1D1C82B /* UIImage+CropScaleOrientation.h */,
				7E54207555DD48EA97B152CE /* CDVCamera.h */,
				FE902B5FEC85449881003ACE /* CDVJpegHeaderWriter.h */,
				0E3F399FD29C4997BAFD3CAC /* CDVExif.h */,
				955B0896178B4CF587A397D7 /* CDVDevice.m */,
				71BDB1FE0777452781BE2C87 /* CDVDevice.h */,
				C3928A1EB265480E830B0026 /* CDVNotification.m */,
				CB7E3D0990BA48EDBD4EC683 /* CDVNotification.h */,
				4753B46E8629458BB2E0F349 /* FacebookConnectPlugin.m */,
				7A757225D13B4F72B898BE2F /* FacebookConnectPlugin.h */,
				8EB5D2D497204D2EAD4C2E24 /* FCMPlugin.m */,
				1970EADCF8F24E72991FC454 /* AppDelegate+FCMPlugin.m */,
				69C33F295A2748038626CE73 /* FCMPlugin.h */,
				90EDEB27D28C455D854DE11E /* AppDelegate+FCMPlugin.h */,
				7FAD581BAF99447A9E9C7C14 /* Firebase.h */,
				FE19A6528C8947B48F7E0ED3 /* CDVLocation.m */,
				3AE0A4D9DB6646DA9CE2D214 /* CDVLocation.h */,
				977006382B26490DA32463B0 /* CDVIonicKeyboard.m */,
				4A2748419B2E488480CCBE5E /* CDVIonicKeyboard.h */,
				B74B86F65BF04C69915CFFFC /* CDVWKWebViewEngine.m */,
				CE2601FEFE4F4835968F5C60 /* CDVWKWebViewUIDelegate.m */,
				EE6A6A4E423B4FD6AEB7A3A1 /* CDVWKProcessPoolFactory.m */,
				10DC7EF2DD024E9C9800E28F /* GCDWebServer.m */,
				BAAABEE336A042E5BB1DD842 /* GCDWebServerConnection.m */,
				CDC2D70A2A2A4CFAA7846BD2 /* GCDWebServerFunctions.m */,
				16008BBED73949DA838DB0D5 /* GCDWebServerRequest.m */,
				1F0209DB0DDD4AF18B3302F8 /* GCDWebServerResponse.m */,
				8DD0DF9174664ED89C867517 /* GCDWebServerDataRequest.m */,
				6912556291A04A32A29266BF /* GCDWebServerFileRequest.m */,
				CE8B463938E0483E8E46A382 /* GCDWebServerMultiPartFormRequest.m */,
				D8ABAE377BDF40978349F733 /* GCDWebServerURLEncodedFormRequest.m */,
				2B594395BD714DEDBAC321D1 /* GCDWebServerDataResponse.m */,
				B74A589856CF46089233EABB /* GCDWebServerErrorResponse.m */,
				7D80A0972D11424697B2D696 /* GCDWebServerFileResponse.m */,
				C33BAA4EA83846EAAB835124 /* GCDWebServerStreamedResponse.m */,
				3DE022B8BCB04B618C913F96 /* CDVWKWebViewEngine.h */,
				BF7FA2FF831F48659DF86E86 /* CDVWKWebViewUIDelegate.h */,
				FEBA5B47D2E84545934713C8 /* CDVWKProcessPoolFactory.h */,
				FBE1363FD4FB46F2AB869B2A /* GCDWebServer.h */,
				F6B0D3C8946A48ABA870DF2E /* GCDWebServerConnection.h */,
				86147A9EC6C74E52B3D5022F /* GCDWebServerFunctions.h */,
				D4122E1522DE48D787EC93F0 /* GCDWebServerHTTPStatusCodes.h */,
				7B08098ACFA94F1BAB29BDA6 /* GCDWebServerPrivate.h */,
				7189AC9A780D42A0982E3458 /* GCDWebServerRequest.h */,
				976A2C6666534D12BEA8BCCD /* GCDWebServerResponse.h */,
				51DDA96312394A0087AF93C8 /* GCDWebServerDataRequest.h */,
				BF167F9EE8524CA38B27B892 /* GCDWebServerFileRequest.h */,
				20F6C8FF843C43299DD90F96 /* GCDWebServerMultiPartFormRequest.h */,
				4726B40A07E54CF8A5C7DA4F /* GCDWebServerURLEncodedFormRequest.h */,
				B0E79776BEF54FB682DB150E /* GCDWebServerDataResponse.h */,
				6F1AD2DBEC2A4F32A5AAB1A4 /* GCDWebServerErrorResponse.h */,
				F26004E3348341AF81AAC62B /* GCDWebServerFileResponse.h */,
				D52A58A2B43F482299A1E761 /* GCDWebServerStreamedResponse.h */,
				586862B2C1904772BFB87E65 /* CDVSplashScreen.m */,
				3BDD23BB820A420BAC019D52 /* CDVViewController+SplashScreen.m */,
				A6F67085FD0E405DA2628E6F /* CDVSplashScreen.h */,
				CC98D0D0F3F8434B87FA5BD5 /* CDVViewController+SplashScreen.h */,
				1E6B1F7E48C945BCB1F83426 /* CDVStatusBar.m */,
				215A4D90294D437786D2AC32 /* CDVStatusBar.h */,
				189B1A70D39149D09209D9BA /* CDVThemeableBrowser.m */,
				E77F8BB7261943F5B711AD00 /* CDVThemeableBrowser.h */,
				E5B597270292407A85796CC8 /* NSString+SSURLEncoding.m */,
				71EF8C6BAF2044DBA5A82E4F /* SocialSharing.m */,
				41471DCCDD924E5C9914EE25 /* NSString+SSURLEncoding.h */,
				A03FA9E54534475598F47671 /* SocialSharing.h */,
				FD1567510CAA4C93A4AC0470 /* LaunchNavigator.m */,
				DCA94FC0B17A4D32A25B55C9 /* LN_Reachability.m */,
				594B3AC4D19B4293A03B46F0 /* LaunchNavigator.h */,
				A53AA8F714B74D498429A1B9 /* LN_Reachability.h */,
				9C2E4BDF9BF04EABA64805E5 /* CDVInAppBrowser.m */,
				22741B29E96E45F58607CA56 /* CDVInAppBrowser.h */,
			);
			name = Plugins;
			path = ME/Plugins;
			sourceTree = SOURCE_ROOT;
		};
		EB87FDF11871DA420020F90C /* Staging */ = {
			isa = PBXGroup;
			children = (
				F840E1F0165FE0F500CFE078 /* config.xml */,
				301BF56E109A69640062928A /* www */,
			);
			name = Staging;
			sourceTree = "<group>";
		};
/* End PBXGroup section */

/* Begin PBXNativeTarget section */
		1D6058900D05DD3D006BFB54 /* ME */ = {
			isa = PBXNativeTarget;
			buildConfigurationList = 1D6058960D05DD3E006BFB54 /* Build configuration list for PBXNativeTarget "ME" */;
			buildPhases = (
				304B58A110DAC018002A0835 /* Copy www directory */,
				1D60588D0D05DD3D006BFB54 /* Resources */,
				1D60588E0D05DD3D006BFB54 /* Sources */,
				1D60588F0D05DD3D006BFB54 /* Frameworks */,
			);
			buildRules = (
			);
			dependencies = (
				301BF551109A68C00062928A /* PBXTargetDependency */,
			);
			name = ME;
			productName = ME;
			productReference = 1D6058910D05DD3D006BFB54 /* ME.app */;
			productType = "com.apple.product-type.application";
		};
/* End PBXNativeTarget section */

/* Begin PBXProject section */
		29B97313FDCFA39411CA2CEA /* Project object */ = {
			isa = PBXProject;
			attributes = {
				LastUpgradeCheck = 510;
				TargetAttributes = {
					1D6058900D05DD3D006BFB54 = {
						DevelopmentTeam = Y6LPALRD9X;
						SystemCapabilities = {
							com.apple.Keychain = {
								enabled = 1;
							};
						};
					};
				};
			};
			buildConfigurationList = C01FCF4E08A954540054247B /* Build configuration list for PBXProject "ME" */;
			compatibilityVersion = "Xcode 3.2";
			developmentRegion = English;
			hasScannedForEncodings = 1;
			knownRegions = (
				en,
			);
			mainGroup = 29B97314FDCFA39411CA2CEA /* CustomTemplate */;
			projectDirPath = "";
			projectReferences = (
				{
					ProductGroup = 301BF52E109A57CC0062928A /* Products */;
					ProjectRef = 301BF52D109A57CC0062928A /* CordovaLib/CordovaLib.xcodeproj */;
				},
			);
			projectRoot = "";
			targets = (
				1D6058900D05DD3D006BFB54 /* ME */,
			);
		};
/* End PBXProject section */

/* Begin PBXReferenceProxy section */
		301BF535109A57CC0062928A /* libCordova.a */ = {
			isa = PBXReferenceProxy;
			fileType = archive.ar;
			path = libCordova.a;
			remoteRef = 301BF534109A57CC0062928A /* PBXContainerItemProxy */;
			sourceTree = BUILT_PRODUCTS_DIR;
		};
		B76F10C320A311E8004CCDE9 /* Cordova.framework */ = {
			isa = PBXReferenceProxy;
			fileType = wrapper.framework;
			path = Cordova.framework;
			remoteRef = B76F10C220A311E8004CCDE9 /* PBXContainerItemProxy */;
			sourceTree = BUILT_PRODUCTS_DIR;
		};
/* End PBXReferenceProxy section */

/* Begin PBXResourcesBuildPhase section */
		1D60588D0D05DD3D006BFB54 /* Resources */ = {
			isa = PBXResourcesBuildPhase;
			buildActionMask = 2147483647;
			files = (
				302D95F214D2391D003F00A1 /* MainViewController.xib in Resources */,
				0207DA581B56EA530066E2B4 /* Images.xcassets in Resources */,
				6AFF5BF91D6E424B00AB3073 /* CDVLaunchScreen.storyboard in Resources */,
				27BA8D65180944DC8F93213F /* CDVNotification.bundle in Resources */,
				926EA8D731D7400D86D6E39E /* GoogleService-Info.plist in Resources */,
			);
			runOnlyForDeploymentPostprocessing = 0;
		};
/* End PBXResourcesBuildPhase section */

/* Begin PBXShellScriptBuildPhase section */
		304B58A110DAC018002A0835 /* Copy www directory */ = {
			isa = PBXShellScriptBuildPhase;
			buildActionMask = 2147483647;
			files = (
			);
			inputPaths = (
			);
			name = "Copy www directory";
			outputPaths = (
			);
			runOnlyForDeploymentPostprocessing = 0;
			shellPath = /bin/sh;
			shellScript = "NODEJS_PATH=/usr/local/bin; NVM_NODE_PATH=~/.nvm/versions/node/`nvm version 2>/dev/null`/bin; N_NODE_PATH=`find /usr/local/n/versions/node/* -maxdepth 0 -type d 2>/dev/null | tail -1`/bin; XCODE_NODE_PATH=`xcode-select --print-path`/usr/share/xcs/Node/bin; PATH=$NODEJS_PATH:$NVM_NODE_PATH:$N_NODE_PATH:$XCODE_NODE_PATH:$PATH && node cordova/lib/copy-www-build-step.js";
			showEnvVarsInLog = 0;
		};
/* End PBXShellScriptBuildPhase section */

/* Begin PBXSourcesBuildPhase section */
		1D60588E0D05DD3D006BFB54 /* Sources */ = {
			isa = PBXSourcesBuildPhase;
			buildActionMask = 2147483647;
			files = (
				1D60589B0D05DD56006BFB54 /* main.m in Sources */,
				1D3623260D0F684500981E51 /* AppDelegate.m in Sources */,
				302D95F114D2391D003F00A1 /* MainViewController.m in Sources */,
				38F359A7278942A39371A7C0 /* ActionSheet.m in Sources */,
				EC37F78B823342B8B78E7F1C /* UIImage+CropScaleOrientation.m in Sources */,
				04892AEE26144F5DBC6EA5DD /* CDVCamera.m in Sources */,
				F1FF30BA433F4D4CB551DC87 /* CDVJpegHeaderWriter.m in Sources */,
				E478AAC807754C4783AB74C4 /* CDVDevice.m in Sources */,
				3F3D6E0D4B86473DB1B1C311 /* CDVNotification.m in Sources */,
				AD942C6A2D464517A49488A7 /* FacebookConnectPlugin.m in Sources */,
				FAE7D8069A4D4AC380EBD8A7 /* FCMPlugin.m in Sources */,
				906F358BAA3745DA90D8DCD1 /* AppDelegate+FCMPlugin.m in Sources */,
				DDF8C9CB256B47FEA35ED131 /* CDVLocation.m in Sources */,
				3030501CBCB74602A6C115E4 /* CDVIonicKeyboard.m in Sources */,
				DBD53C5EB58E48F2AF38A0AE /* CDVWKWebViewEngine.m in Sources */,
				F697767FD59844849770483C /* CDVWKWebViewUIDelegate.m in Sources */,
				05B5E8E7D50040B9AD60FCEF /* CDVWKProcessPoolFactory.m in Sources */,
				A3BFA86066C4431D83751E73 /* GCDWebServer.m in Sources */,
				12CB7FC568B24839B22BD5AE /* GCDWebServerConnection.m in Sources */,
				1E70704C109A499D89891BD8 /* GCDWebServerFunctions.m in Sources */,
				C0CFFED38C57446CBD1CA3A5 /* GCDWebServerRequest.m in Sources */,
				7518C80A5DD3409D8C217338 /* GCDWebServerResponse.m in Sources */,
				DA58B32EFDEA46038706C1D9 /* GCDWebServerDataRequest.m in Sources */,
				9CB4C7CC39EB43CE87ED1405 /* GCDWebServerFileRequest.m in Sources */,
				3BB1801F062C4FB996CF889C /* GCDWebServerMultiPartFormRequest.m in Sources */,
				06D6223F6FE64175A31399FB /* GCDWebServerURLEncodedFormRequest.m in Sources */,
				85D00BDB41E545BDAA8DC523 /* GCDWebServerDataResponse.m in Sources */,
				BF71839607F1482FB7C75B34 /* GCDWebServerErrorResponse.m in Sources */,
				B43550C44A1D4E2E9B36F61A /* GCDWebServerFileResponse.m in Sources */,
				24F3029C86F54F3D871918AB /* GCDWebServerStreamedResponse.m in Sources */,
				B1AA14222DBE400CBB86CADA /* CDVSplashScreen.m in Sources */,
				77AACEE98F7C4116ADBC698A /* CDVViewController+SplashScreen.m in Sources */,
				02F8E1C88DAB413690D44253 /* CDVStatusBar.m in Sources */,
				DBB81D5728A14B91AFC1404E /* CDVThemeableBrowser.m in Sources */,
				2A7B4437A56E4771816B51EF /* NSString+SSURLEncoding.m in Sources */,
				44BE7ED542AB414487997C9C /* SocialSharing.m in Sources */,
				3EE4DCB23E9B448B99A67566 /* LaunchNavigator.m in Sources */,
				67DD64F17FBB475DAA599382 /* LN_Reachability.m in Sources */,
				487DEE05F60340D59B190C51 /* CDVInAppBrowser.m in Sources */,
			);
			runOnlyForDeploymentPostprocessing = 0;
		};
/* End PBXSourcesBuildPhase section */

/* Begin PBXTargetDependency section */
		301BF551109A68C00062928A /* PBXTargetDependency */ = {
			isa = PBXTargetDependency;
			name = CordovaLib;
			targetProxy = 301BF550109A68C00062928A /* PBXContainerItemProxy */;
		};
/* End PBXTargetDependency section */

/* Begin XCBuildConfiguration section */
		1D6058940D05DD3E006BFB54 /* Debug */ = {
			isa = XCBuildConfiguration;
			baseConfigurationReference = 3047A50F1AB8059700498E2A /* build-debug.xcconfig */;
			buildSettings = {
				ALWAYS_SEARCH_USER_PATHS = NO;
				ASSETCATALOG_COMPILER_APPICON_NAME = AppIcon;
				ASSETCATALOG_COMPILER_LAUNCHIMAGE_NAME = LaunchImage;
				CLANG_ENABLE_MODULES = YES;
				CLANG_ENABLE_OBJC_ARC = YES;
				COPY_PHASE_STRIP = NO;
				DEVELOPMENT_TEAM = Y6LPALRD9X;
				FRAMEWORK_SEARCH_PATHS = (
					"$(inherited)",
					"\"ME/Plugins/cordova-plugin-facebook4\"",
					"\"ME/Plugins/cordova-plugin-facebook4\"",
					"\"ME/Plugins/cordova-plugin-facebook4\"",
					"\"ME/Plugins/cordova-plugin-facebook4\"",
					"\"ME/Plugins/cordova-plugin-fcm\"",
					"\"ME/Plugins/cordova-plugin-fcm\"",
					"\"ME/Plugins/cordova-plugin-fcm\"",
					"\"ME/Plugins/cordova-plugin-fcm\"",
					"\"ME/Plugins/cordova-plugin-fcm\"",
					"\"ME/Plugins/cordova-plugin-fcm\"",
					"\"ME/Plugins/cordova-plugin-fcm\"",
					"\"ME/Plugins/cordova-plugin-fcm\"",
				);
				GCC_DYNAMIC_NO_PIC = NO;
				GCC_OPTIMIZATION_LEVEL = 0;
				GCC_PRECOMPILE_PREFIX_HEADER = YES;
				GCC_PREFIX_HEADER = "ME/ME-Prefix.pch";
				GCC_THUMB_SUPPORT = NO;
				GCC_VERSION = "";
				INFOPLIST_FILE = "ME/ME-Info.plist";
				IPHONEOS_DEPLOYMENT_TARGET = 9.0;
				LD_RUNPATH_SEARCH_PATHS = "@executable_path/Frameworks";
				PRODUCT_NAME = ME;
				TARGETED_DEVICE_FAMILY = "1,2";
			};
			name = Debug;
		};
		1D6058950D05DD3E006BFB54 /* Release */ = {
			isa = XCBuildConfiguration;
			baseConfigurationReference = 3047A5101AB8059700498E2A /* build-release.xcconfig */;
			buildSettings = {
				ALWAYS_SEARCH_USER_PATHS = NO;
				ASSETCATALOG_COMPILER_APPICON_NAME = AppIcon;
				ASSETCATALOG_COMPILER_LAUNCHIMAGE_NAME = LaunchImage;
				CLANG_ENABLE_MODULES = YES;
				CLANG_ENABLE_OBJC_ARC = YES;
				COPY_PHASE_STRIP = YES;
				DEVELOPMENT_TEAM = Y6LPALRD9X;
				FRAMEWORK_SEARCH_PATHS = (
					"$(inherited)",
					"\"ME/Plugins/cordova-plugin-facebook4\"",
					"\"ME/Plugins/cordova-plugin-facebook4\"",
					"\"ME/Plugins/cordova-plugin-facebook4\"",
					"\"ME/Plugins/cordova-plugin-facebook4\"",
					"\"ME/Plugins/cordova-plugin-fcm\"",
					"\"ME/Plugins/cordova-plugin-fcm\"",
					"\"ME/Plugins/cordova-plugin-fcm\"",
					"\"ME/Plugins/cordova-plugin-fcm\"",
					"\"ME/Plugins/cordova-plugin-fcm\"",
					"\"ME/Plugins/cordova-plugin-fcm\"",
					"\"ME/Plugins/cordova-plugin-fcm\"",
					"\"ME/Plugins/cordova-plugin-fcm\"",
				);
				GCC_PRECOMPILE_PREFIX_HEADER = YES;
				GCC_PREFIX_HEADER = "ME/ME-Prefix.pch";
				GCC_THUMB_SUPPORT = NO;
				GCC_VERSION = "";
				INFOPLIST_FILE = "ME/ME-Info.plist";
				IPHONEOS_DEPLOYMENT_TARGET = 9.0;
				LD_RUNPATH_SEARCH_PATHS = "@executable_path/Frameworks";
				PRODUCT_NAME = ME;
				TARGETED_DEVICE_FAMILY = "1,2";
			};
			name = Release;
		};
		C01FCF4F08A954540054247B /* Debug */ = {
			isa = XCBuildConfiguration;
			baseConfigurationReference = 3047A5111AB8059700498E2A /* build.xcconfig */;
			buildSettings = {
				CLANG_ENABLE_MODULES = YES;
				CLANG_ENABLE_OBJC_ARC = YES;
				CLANG_WARN_BOOL_CONVERSION = YES;
				CLANG_WARN_CONSTANT_CONVERSION = YES;
				CLANG_WARN_EMPTY_BODY = YES;
				CLANG_WARN_ENUM_CONVERSION = YES;
				CLANG_WARN_INT_CONVERSION = YES;
				CLANG_WARN__DUPLICATE_METHOD_MATCH = YES;
				GCC_C_LANGUAGE_STANDARD = c99;
				GCC_THUMB_SUPPORT = NO;
				GCC_VERSION = "";
				GCC_WARN_ABOUT_RETURN_TYPE = YES;
				GCC_WARN_UNDECLARED_SELECTOR = YES;
				GCC_WARN_UNINITIALIZED_AUTOS = YES;
				GCC_WARN_UNUSED_FUNCTION = YES;
				GCC_WARN_UNUSED_VARIABLE = YES;
				ONLY_ACTIVE_ARCH = YES;
				SDKROOT = iphoneos;
				SKIP_INSTALL = NO;
			};
			name = Debug;
		};
		C01FCF5008A954540054247B /* Release */ = {
			isa = XCBuildConfiguration;
			baseConfigurationReference = 3047A5111AB8059700498E2A /* build.xcconfig */;
			buildSettings = {
				CLANG_ENABLE_MODULES = YES;
				CLANG_ENABLE_OBJC_ARC = YES;
				CLANG_WARN_BOOL_CONVERSION = YES;
				CLANG_WARN_CONSTANT_CONVERSION = YES;
				CLANG_WARN_EMPTY_BODY = YES;
				CLANG_WARN_ENUM_CONVERSION = YES;
				CLANG_WARN_INT_CONVERSION = YES;
				CLANG_WARN__DUPLICATE_METHOD_MATCH = YES;
				GCC_C_LANGUAGE_STANDARD = c99;
				GCC_THUMB_SUPPORT = NO;
				GCC_VERSION = "";
				GCC_WARN_ABOUT_RETURN_TYPE = YES;
				GCC_WARN_UNDECLARED_SELECTOR = YES;
				GCC_WARN_UNINITIALIZED_AUTOS = YES;
				GCC_WARN_UNUSED_FUNCTION = YES;
				GCC_WARN_UNUSED_VARIABLE = YES;
				SDKROOT = iphoneos;
				SKIP_INSTALL = NO;
			};
			name = Release;
		};
/* End XCBuildConfiguration section */

/* Begin XCConfigurationList section */
		1D6058960D05DD3E006BFB54 /* Build configuration list for PBXNativeTarget "ME" */ = {
			isa = XCConfigurationList;
			buildConfigurations = (
				1D6058940D05DD3E006BFB54 /* Debug */,
				1D6058950D05DD3E006BFB54 /* Release */,
			);
			defaultConfigurationIsVisible = 0;
			defaultConfigurationName = Release;
		};
		C01FCF4E08A954540054247B /* Build configuration list for PBXProject "ME" */ = {
			isa = XCConfigurationList;
			buildConfigurations = (
				C01FCF4F08A954540054247B /* Debug */,
				C01FCF5008A954540054247B /* Release */,
			);
			defaultConfigurationIsVisible = 0;
			defaultConfigurationName = Release;
		};
/* End XCConfigurationList section */
	};
	rootObject = 29B97313FDCFA39411CA2CEA /* Project object */;
}
